
Microsoft Visual Studio Solution File, Format Version 12.00
# Visual Studio Version 17
VisualStudioVersion = 17.5.33530.505
MinimumVisualStudioVersion = 10.0.40219.1
Project("{9A19103F-16F7-4668-BE54-9A1E7A4F7556}") = "0_Framework", "0_Framework\0_Framework.csproj", "{95847B45-71DF-455E-88BD-BDC475790978}"
EndProject
Project("{2150E333-8FDC-42A3-9474-1A3956D46DE8}") = "PortfolioManagement", "PortfolioManagement", "{0FDCBC56-AFDE-41C8-9C75-E94DE58B6A28}"
EndProject
Project("{2150E333-8FDC-42A3-9474-1A3956D46DE8}") = "PM.Domain", "PM.Domain", "{7ADD6CB9-AF76-4265-809A-795A0FAEAFE3}"
EndProject
Project("{2150E333-8FDC-42A3-9474-1A3956D46DE8}") = "PM.Application", "PM.Application", "{A02549DA-9477-44AF-93EA-46E31C84A7F3}"
EndProject
Project("{2150E333-8FDC-42A3-9474-1A3956D46DE8}") = "PM.Infrastructure", "PM.Infrastructure", "{330A9DDE-FD93-4D96-B12C-D88001DD27CE}"
EndProject
Project("{9A19103F-16F7-4668-BE54-9A1E7A4F7556}") = "PortfolioManagement.Domain", "PortfolioManagement.Domain\PortfolioManagement.Domain.csproj", "{B6FDE9F7-4E87-4C78-A8F5-12E6C46063FB}"
EndProject
Project("{9A19103F-16F7-4668-BE54-9A1E7A4F7556}") = "PortfolioManagement.Application.Contracts", "PortfolioManagement.Application.Contracts\PortfolioManagement.Application.Contracts.csproj", "{EF55C6A9-F713-43F7-9A36-BBAEB875ABB4}"
EndProject
Project("{9A19103F-16F7-4668-BE54-9A1E7A4F7556}") = "PortfolioManagement.Application", "PortfolioManagement.Application\PortfolioManagement.Application.csproj", "{4828D2EB-9BD7-4E2E-80B3-849F8D0D70C6}"
EndProject
Project("{9A19103F-16F7-4668-BE54-9A1E7A4F7556}") = "PortfolioManagement.Infrastructure", "ProjectManagement.Infrastructure\PortfolioManagement.Infrastructure.csproj", "{748F362A-87B5-41B6-8278-EE642B73375B}"
EndProject
Project("{9A19103F-16F7-4668-BE54-9A1E7A4F7556}") = "ServiceHost", "ServiceHost\ServiceHost.csproj", "{14ACD18C-3A99-4AF4-8D7D-D324D5DAA155}"
EndProject
Project("{9A19103F-16F7-4668-BE54-9A1E7A4F7556}") = "PortfolioManagement.Configuration", "ProjectManagement.Configuration\PortfolioManagement.Configuration.csproj", "{FB8AB536-A2EE-4798-BD3D-8E087A208CFC}"
EndProject
Project("{9A19103F-16F7-4668-BE54-9A1E7A4F7556}") = "1_PortfolioQuery", "1_PortfolioQuery\1_PortfolioQuery.csproj", "{F128715D-6DDB-451C-BE54-71DC67A68409}"
EndProject
Project("{2150E333-8FDC-42A3-9474-1A3956D46DE8}") = "AccountManagement", "AccountManagement", "{FC34C238-504E-484C-A171-FAAC5E54CC87}"
EndProject
Project("{2150E333-8FDC-42A3-9474-1A3956D46DE8}") = "AM.Domaiin", "AM.Domaiin", "{5D41B3E4-E34F-48A0-8521-AFC550DB2332}"
EndProject
Project("{2150E333-8FDC-42A3-9474-1A3956D46DE8}") = "AM.Application", "AM.Application", "{D502E5E7-7EFF-4FC1-97B3-FBDA411EADC3}"
EndProject
Project("{2150E333-8FDC-42A3-9474-1A3956D46DE8}") = "AM.Infrastructure", "AM.Infrastructure", "{8CC4C904-D8AF-4244-9008-4C736899D27B}"
EndProject
Project("{9A19103F-16F7-4668-BE54-9A1E7A4F7556}") = "AccountManagement.Domain", "AccountManagement\AM.Domain\AccountManagement.Domain\AccountManagement.Domain.csproj", "{C7AA8606-4F76-4817-9263-449801476B2A}"
EndProject
Project("{9A19103F-16F7-4668-BE54-9A1E7A4F7556}") = "AccountManagement.Application.Contracts", "AccountManagement\AM.Application\AccountManagement.Application.Contracts\AccountManagement.Application.Contracts.csproj", "{38AE3ED5-B9C6-41B6-904D-06DCAF310994}"
EndProject
Project("{9A19103F-16F7-4668-BE54-9A1E7A4F7556}") = "AccountManagement.Application", "AccountManagement\AM.Application\AccountManagement.Application\AccountManagement.Application.csproj", "{439955D1-3A96-45AD-B96E-65CB6DD596F2}"
EndProject
Project("{9A19103F-16F7-4668-BE54-9A1E7A4F7556}") = "AccountManagement.Configuration", "AccountManagement\AM.Infrastructure\AccountManagement.Configuration\AccountManagement.Configuration.csproj", "{C1F19B29-808A-41A5-A023-69A7EE9ECD6E}"
EndProject
Project("{9A19103F-16F7-4668-BE54-9A1E7A4F7556}") = "AccountManagement.Infrastructure", "AccountManagement\AM.Infrastructure\AccountManagement.Infrastructure\AccountManagement.Infrastructure.csproj", "{B4BF05E5-61BD-467A-B81D-9A2F35313B2A}"
EndProject
Project("{2150E333-8FDC-42A3-9474-1A3956D46DE8}") = "BlogManagement", "BlogManagement", "{C5051593-0936-4082-90C6-03A683A49DDE}"
EndProject
Project("{2150E333-8FDC-42A3-9474-1A3956D46DE8}") = "BM.Domain", "BM.Domain", "{CA41C3C4-B249-48CA-85D6-CD0A2C1F5B14}"
EndProject
Project("{2150E333-8FDC-42A3-9474-1A3956D46DE8}") = "BM.Application", "BM.Application", "{23AB3ADA-1630-4A0E-A810-36A6449CBBC2}"
EndProject
Project("{2150E333-8FDC-42A3-9474-1A3956D46DE8}") = "BM.Infrastructure", "BM.Infrastructure", "{E4857297-44B3-4190-B333-A836D05E4085}"
EndProject
Project("{FAE04EC0-301F-11D3-BF4B-00C04F79EFBC}") = "BlogManagement.Domain", "BlogManagement\BM.Domain\BlogManagement.Domain\BlogManagement.Domain.csproj", "{D56D199E-D941-450A-9814-3FFC25F85311}"
EndProject
Project("{FAE04EC0-301F-11D3-BF4B-00C04F79EFBC}") = "BlogManagement.Application.Contracts", "BlogManagement\BM.Application\BlogManagement.Application.Contracts\BlogManagement.Application.Contracts.csproj", "{4816CD5C-6C98-431D-914A-DB2350BF1946}"
EndProject
Project("{FAE04EC0-301F-11D3-BF4B-00C04F79EFBC}") = "BlogManagement.Application", "BlogManagement\BM.Application\BlogManagement.Application\BlogManagement.Application.csproj", "{08A93146-05E5-45A0-8177-6334276C989C}"
EndProject
Project("{FAE04EC0-301F-11D3-BF4B-00C04F79EFBC}") = "BlogManagement.Infrastructure", "BlogManagement\BM.Infrastructure\BlogManagement.Infrastructure\BlogManagement.Infrastructure.csproj", "{0ED9ECC4-6C5C-4E88-8F7E-3CC4D55314C2}"
EndProject
Project("{FAE04EC0-301F-11D3-BF4B-00C04F79EFBC}") = "BlogManagement.Configuration", "BlogManagement\BM.Infrastructure\BlogManagement.Configuration\BlogManagement.Configuration.csproj", "{78B5BC2C-D0FE-4045-952B-EFEDF65BFFD5}"
EndProject
Project("{2150E333-8FDC-42A3-9474-1A3956D46DE8}") = "ContactManagement", "ContactManagement", "{43E741CB-B60F-482A-BC0F-48A55BD6305B}"
EndProject
Project("{2150E333-8FDC-42A3-9474-1A3956D46DE8}") = "CM.Domain", "CM.Domain", "{88FBA02D-1EA6-480B-BC60-F41EC07A56CC}"
EndProject
Project("{2150E333-8FDC-42A3-9474-1A3956D46DE8}") = "CM.Application", "CM.Application", "{830DEA17-D9B1-4EA1-9688-6B7B81C90F04}"
EndProject
Project("{2150E333-8FDC-42A3-9474-1A3956D46DE8}") = "CM.Infrastructure", "CM.Infrastructure", "{6E992BA9-7568-43CA-B668-7CE28CB0B914}"
EndProject
Project("{FAE04EC0-301F-11D3-BF4B-00C04F79EFBC}") = "ContactManagement.Domain", "ContactManagement\CM.Domain\ContactManagement.Domain\ContactManagement.Domain.csproj", "{0B2BDE33-7CCD-4440-8889-3EE69284C246}"
EndProject
Project("{FAE04EC0-301F-11D3-BF4B-00C04F79EFBC}") = "ContactManagement.Application.Contracts", "ContactManagement\CM.Application\ContactManagement.Application.Contracts\ContactManagement.Application.Contracts.csproj", "{E567ECF1-92E5-456D-9B51-9ACAEB96884A}"
EndProject
Project("{FAE04EC0-301F-11D3-BF4B-00C04F79EFBC}") = "ContactManagement.Application", "ContactManagement\CM.Application\ContactManagement.Application\ContactManagement.Application.csproj", "{14BD9014-510A-40DA-8871-CE24F7B186C8}"
EndProject
Project("{FAE04EC0-301F-11D3-BF4B-00C04F79EFBC}") = "ContactManagement.Infrastructure", "ContactManagement\CM.Infrastructure\ContactManagement.Infrastructure\ContactManagement.Infrastructure.csproj", "{271B2265-F038-41C9-A2E4-E44AFA34D3DC}"
EndProject
Project("{FAE04EC0-301F-11D3-BF4B-00C04F79EFBC}") = "ContactManagement.Configuration", "ContactManagement\CM.Infrastructure\ContactManagement.Configuration\ContactManagement.Configuration.csproj", "{376E08A3-4E84-4FF9-9D80-E8B17A68AA38}"
EndProject
Global
	GlobalSection(SolutionConfigurationPlatforms) = preSolution
		Debug|Any CPU = Debug|Any CPU
		Release|Any CPU = Release|Any CPU
	EndGlobalSection
	GlobalSection(ProjectConfigurationPlatforms) = postSolution
		{95847B45-71DF-455E-88BD-BDC475790978}.Debug|Any CPU.ActiveCfg = Debug|Any CPU
		{95847B45-71DF-455E-88BD-BDC475790978}.Debug|Any CPU.Build.0 = Debug|Any CPU
		{95847B45-71DF-455E-88BD-BDC475790978}.Release|Any CPU.ActiveCfg = Release|Any CPU
		{95847B45-71DF-455E-88BD-BDC475790978}.Release|Any CPU.Build.0 = Release|Any CPU
		{B6FDE9F7-4E87-4C78-A8F5-12E6C46063FB}.Debug|Any CPU.ActiveCfg = Debug|Any CPU
		{B6FDE9F7-4E87-4C78-A8F5-12E6C46063FB}.Debug|Any CPU.Build.0 = Debug|Any CPU
		{B6FDE9F7-4E87-4C78-A8F5-12E6C46063FB}.Release|Any CPU.ActiveCfg = Release|Any CPU
		{B6FDE9F7-4E87-4C78-A8F5-12E6C46063FB}.Release|Any CPU.Build.0 = Release|Any CPU
		{EF55C6A9-F713-43F7-9A36-BBAEB875ABB4}.Debug|Any CPU.ActiveCfg = Debug|Any CPU
		{EF55C6A9-F713-43F7-9A36-BBAEB875ABB4}.Debug|Any CPU.Build.0 = Debug|Any CPU
		{EF55C6A9-F713-43F7-9A36-BBAEB875ABB4}.Release|Any CPU.ActiveCfg = Release|Any CPU
		{EF55C6A9-F713-43F7-9A36-BBAEB875ABB4}.Release|Any CPU.Build.0 = Release|Any CPU
		{4828D2EB-9BD7-4E2E-80B3-849F8D0D70C6}.Debug|Any CPU.ActiveCfg = Debug|Any CPU
		{4828D2EB-9BD7-4E2E-80B3-849F8D0D70C6}.Debug|Any CPU.Build.0 = Debug|Any CPU
		{4828D2EB-9BD7-4E2E-80B3-849F8D0D70C6}.Release|Any CPU.ActiveCfg = Release|Any CPU
		{4828D2EB-9BD7-4E2E-80B3-849F8D0D70C6}.Release|Any CPU.Build.0 = Release|Any CPU
		{748F362A-87B5-41B6-8278-EE642B73375B}.Debug|Any CPU.ActiveCfg = Debug|Any CPU
		{748F362A-87B5-41B6-8278-EE642B73375B}.Debug|Any CPU.Build.0 = Debug|Any CPU
		{748F362A-87B5-41B6-8278-EE642B73375B}.Release|Any CPU.ActiveCfg = Release|Any CPU
		{748F362A-87B5-41B6-8278-EE642B73375B}.Release|Any CPU.Build.0 = Release|Any CPU
		{14ACD18C-3A99-4AF4-8D7D-D324D5DAA155}.Debug|Any CPU.ActiveCfg = Debug|Any CPU
		{14ACD18C-3A99-4AF4-8D7D-D324D5DAA155}.Debug|Any CPU.Build.0 = Debug|Any CPU
		{14ACD18C-3A99-4AF4-8D7D-D324D5DAA155}.Release|Any CPU.ActiveCfg = Release|Any CPU
		{14ACD18C-3A99-4AF4-8D7D-D324D5DAA155}.Release|Any CPU.Build.0 = Release|Any CPU
		{FB8AB536-A2EE-4798-BD3D-8E087A208CFC}.Debug|Any CPU.ActiveCfg = Debug|Any CPU
		{FB8AB536-A2EE-4798-BD3D-8E087A208CFC}.Debug|Any CPU.Build.0 = Debug|Any CPU
		{FB8AB536-A2EE-4798-BD3D-8E087A208CFC}.Release|Any CPU.ActiveCfg = Release|Any CPU
		{FB8AB536-A2EE-4798-BD3D-8E087A208CFC}.Release|Any CPU.Build.0 = Release|Any CPU
		{F128715D-6DDB-451C-BE54-71DC67A68409}.Debug|Any CPU.ActiveCfg = Debug|Any CPU
		{F128715D-6DDB-451C-BE54-71DC67A68409}.Debug|Any CPU.Build.0 = Debug|Any CPU
		{F128715D-6DDB-451C-BE54-71DC67A68409}.Release|Any CPU.ActiveCfg = Release|Any CPU
		{F128715D-6DDB-451C-BE54-71DC67A68409}.Release|Any CPU.Build.0 = Release|Any CPU
		{C7AA8606-4F76-4817-9263-449801476B2A}.Debug|Any CPU.ActiveCfg = Debug|Any CPU
		{C7AA8606-4F76-4817-9263-449801476B2A}.Debug|Any CPU.Build.0 = Debug|Any CPU
		{C7AA8606-4F76-4817-9263-449801476B2A}.Release|Any CPU.ActiveCfg = Release|Any CPU
		{C7AA8606-4F76-4817-9263-449801476B2A}.Release|Any CPU.Build.0 = Release|Any CPU
		{38AE3ED5-B9C6-41B6-904D-06DCAF310994}.Debug|Any CPU.ActiveCfg = Debug|Any CPU
		{38AE3ED5-B9C6-41B6-904D-06DCAF310994}.Debug|Any CPU.Build.0 = Debug|Any CPU
		{38AE3ED5-B9C6-41B6-904D-06DCAF310994}.Release|Any CPU.ActiveCfg = Release|Any CPU
		{38AE3ED5-B9C6-41B6-904D-06DCAF310994}.Release|Any CPU.Build.0 = Release|Any CPU
		{439955D1-3A96-45AD-B96E-65CB6DD596F2}.Debug|Any CPU.ActiveCfg = Debug|Any CPU
		{439955D1-3A96-45AD-B96E-65CB6DD596F2}.Debug|Any CPU.Build.0 = Debug|Any CPU
		{439955D1-3A96-45AD-B96E-65CB6DD596F2}.Release|Any CPU.ActiveCfg = Release|Any CPU
		{439955D1-3A96-45AD-B96E-65CB6DD596F2}.Release|Any CPU.Build.0 = Release|Any CPU
		{C1F19B29-808A-41A5-A023-69A7EE9ECD6E}.Debug|Any CPU.ActiveCfg = Debug|Any CPU
		{C1F19B29-808A-41A5-A023-69A7EE9ECD6E}.Debug|Any CPU.Build.0 = Debug|Any CPU
		{C1F19B29-808A-41A5-A023-69A7EE9ECD6E}.Release|Any CPU.ActiveCfg = Release|Any CPU
		{C1F19B29-808A-41A5-A023-69A7EE9ECD6E}.Release|Any CPU.Build.0 = Release|Any CPU
		{B4BF05E5-61BD-467A-B81D-9A2F35313B2A}.Debug|Any CPU.ActiveCfg = Debug|Any CPU
		{B4BF05E5-61BD-467A-B81D-9A2F35313B2A}.Debug|Any CPU.Build.0 = Debug|Any CPU
		{B4BF05E5-61BD-467A-B81D-9A2F35313B2A}.Release|Any CPU.ActiveCfg = Release|Any CPU
		{B4BF05E5-61BD-467A-B81D-9A2F35313B2A}.Release|Any CPU.Build.0 = Release|Any CPU
		{D56D199E-D941-450A-9814-3FFC25F85311}.Debug|Any CPU.ActiveCfg = Debug|Any CPU
		{D56D199E-D941-450A-9814-3FFC25F85311}.Debug|Any CPU.Build.0 = Debug|Any CPU
		{D56D199E-D941-450A-9814-3FFC25F85311}.Release|Any CPU.ActiveCfg = Release|Any CPU
		{D56D199E-D941-450A-9814-3FFC25F85311}.Release|Any CPU.Build.0 = Release|Any CPU
		{4816CD5C-6C98-431D-914A-DB2350BF1946}.Debug|Any CPU.ActiveCfg = Debug|Any CPU
		{4816CD5C-6C98-431D-914A-DB2350BF1946}.Debug|Any CPU.Build.0 = Debug|Any CPU
		{4816CD5C-6C98-431D-914A-DB2350BF1946}.Release|Any CPU.ActiveCfg = Release|Any CPU
		{4816CD5C-6C98-431D-914A-DB2350BF1946}.Release|Any CPU.Build.0 = Release|Any CPU
		{08A93146-05E5-45A0-8177-6334276C989C}.Debug|Any CPU.ActiveCfg = Debug|Any CPU
		{08A93146-05E5-45A0-8177-6334276C989C}.Debug|Any CPU.Build.0 = Debug|Any CPU
		{08A93146-05E5-45A0-8177-6334276C989C}.Release|Any CPU.ActiveCfg = Release|Any CPU
		{08A93146-05E5-45A0-8177-6334276C989C}.Release|Any CPU.Build.0 = Release|Any CPU
		{0ED9ECC4-6C5C-4E88-8F7E-3CC4D55314C2}.Debug|Any CPU.ActiveCfg = Debug|Any CPU
		{0ED9ECC4-6C5C-4E88-8F7E-3CC4D55314C2}.Debug|Any CPU.Build.0 = Debug|Any CPU
		{0ED9ECC4-6C5C-4E88-8F7E-3CC4D55314C2}.Release|Any CPU.ActiveCfg = Release|Any CPU
		{0ED9ECC4-6C5C-4E88-8F7E-3CC4D55314C2}.Release|Any CPU.Build.0 = Release|Any CPU
		{78B5BC2C-D0FE-4045-952B-EFEDF65BFFD5}.Debug|Any CPU.ActiveCfg = Debug|Any CPU
		{78B5BC2C-D0FE-4045-952B-EFEDF65BFFD5}.Debug|Any CPU.Build.0 = Debug|Any CPU
		{78B5BC2C-D0FE-4045-952B-EFEDF65BFFD5}.Release|Any CPU.ActiveCfg = Release|Any CPU
		{78B5BC2C-D0FE-4045-952B-EFEDF65BFFD5}.Release|Any CPU.Build.0 = Release|Any CPU
		{0B2BDE33-7CCD-4440-8889-3EE69284C246}.Debug|Any CPU.ActiveCfg = Debug|Any CPU
		{0B2BDE33-7CCD-4440-8889-3EE69284C246}.Debug|Any CPU.Build.0 = Debug|Any CPU
		{0B2BDE33-7CCD-4440-8889-3EE69284C246}.Release|Any CPU.ActiveCfg = Release|Any CPU
		{0B2BDE33-7CCD-4440-8889-3EE69284C246}.Release|Any CPU.Build.0 = Release|Any CPU
		{E567ECF1-92E5-456D-9B51-9ACAEB96884A}.Debug|Any CPU.ActiveCfg = Debug|Any CPU
		{E567ECF1-92E5-456D-9B51-9ACAEB96884A}.Debug|Any CPU.Build.0 = Debug|Any CPU
		{E567ECF1-92E5-456D-9B51-9ACAEB96884A}.Release|Any CPU.ActiveCfg = Release|Any CPU
		{E567ECF1-92E5-456D-9B51-9ACAEB96884A}.Release|Any CPU.Build.0 = Release|Any CPU
		{14BD9014-510A-40DA-8871-CE24F7B186C8}.Debug|Any CPU.ActiveCfg = Debug|Any CPU
		{14BD9014-510A-40DA-8871-CE24F7B186C8}.Debug|Any CPU.Build.0 = Debug|Any CPU
		{14BD9014-510A-40DA-8871-CE24F7B186C8}.Release|Any CPU.ActiveCfg = Release|Any CPU
		{14BD9014-510A-40DA-8871-CE24F7B186C8}.Release|Any CPU.Build.0 = Release|Any CPU
		{271B2265-F038-41C9-A2E4-E44AFA34D3DC}.Debug|Any CPU.ActiveCfg = Debug|Any CPU
		{271B2265-F038-41C9-A2E4-E44AFA34D3DC}.Debug|Any CPU.Build.0 = Debug|Any CPU
		{271B2265-F038-41C9-A2E4-E44AFA34D3DC}.Release|Any CPU.ActiveCfg = Release|Any CPU
		{271B2265-F038-41C9-A2E4-E44AFA34D3DC}.Release|Any CPU.Build.0 = Release|Any CPU
		{376E08A3-4E84-4FF9-9D80-E8B17A68AA38}.Debug|Any CPU.ActiveCfg = Debug|Any CPU
		{376E08A3-4E84-4FF9-9D80-E8B17A68AA38}.Debug|Any CPU.Build.0 = Debug|Any CPU
		{376E08A3-4E84-4FF9-9D80-E8B17A68AA38}.Release|Any CPU.ActiveCfg = Release|Any CPU
		{376E08A3-4E84-4FF9-9D80-E8B17A68AA38}.Release|Any CPU.Build.0 = Release|Any CPU
	EndGlobalSection
	GlobalSection(SolutionProperties) = preSolution
		HideSolutionNode = FALSE
	EndGlobalSection
	GlobalSection(NestedProjects) = preSolution
		{7ADD6CB9-AF76-4265-809A-795A0FAEAFE3} = {0FDCBC56-AFDE-41C8-9C75-E94DE58B6A28}
		{A02549DA-9477-44AF-93EA-46E31C84A7F3} = {0FDCBC56-AFDE-41C8-9C75-E94DE58B6A28}
		{330A9DDE-FD93-4D96-B12C-D88001DD27CE} = {0FDCBC56-AFDE-41C8-9C75-E94DE58B6A28}
		{B6FDE9F7-4E87-4C78-A8F5-12E6C46063FB} = {7ADD6CB9-AF76-4265-809A-795A0FAEAFE3}
		{EF55C6A9-F713-43F7-9A36-BBAEB875ABB4} = {A02549DA-9477-44AF-93EA-46E31C84A7F3}
		{4828D2EB-9BD7-4E2E-80B3-849F8D0D70C6} = {A02549DA-9477-44AF-93EA-46E31C84A7F3}
		{748F362A-87B5-41B6-8278-EE642B73375B} = {330A9DDE-FD93-4D96-B12C-D88001DD27CE}
		{FB8AB536-A2EE-4798-BD3D-8E087A208CFC} = {330A9DDE-FD93-4D96-B12C-D88001DD27CE}
		{5D41B3E4-E34F-48A0-8521-AFC550DB2332} = {FC34C238-504E-484C-A171-FAAC5E54CC87}
		{D502E5E7-7EFF-4FC1-97B3-FBDA411EADC3} = {FC34C238-504E-484C-A171-FAAC5E54CC87}
		{8CC4C904-D8AF-4244-9008-4C736899D27B} = {FC34C238-504E-484C-A171-FAAC5E54CC87}
		{C7AA8606-4F76-4817-9263-449801476B2A} = {5D41B3E4-E34F-48A0-8521-AFC550DB2332}
		{38AE3ED5-B9C6-41B6-904D-06DCAF310994} = {D502E5E7-7EFF-4FC1-97B3-FBDA411EADC3}
		{439955D1-3A96-45AD-B96E-65CB6DD596F2} = {D502E5E7-7EFF-4FC1-97B3-FBDA411EADC3}
		{C1F19B29-808A-41A5-A023-69A7EE9ECD6E} = {8CC4C904-D8AF-4244-9008-4C736899D27B}
		{B4BF05E5-61BD-467A-B81D-9A2F35313B2A} = {8CC4C904-D8AF-4244-9008-4C736899D27B}
		{CA41C3C4-B249-48CA-85D6-CD0A2C1F5B14} = {C5051593-0936-4082-90C6-03A683A49DDE}
		{23AB3ADA-1630-4A0E-A810-36A6449CBBC2} = {C5051593-0936-4082-90C6-03A683A49DDE}
		{E4857297-44B3-4190-B333-A836D05E4085} = {C5051593-0936-4082-90C6-03A683A49DDE}
		{D56D199E-D941-450A-9814-3FFC25F85311} = {CA41C3C4-B249-48CA-85D6-CD0A2C1F5B14}
		{4816CD5C-6C98-431D-914A-DB2350BF1946} = {23AB3ADA-1630-4A0E-A810-36A6449CBBC2}
		{08A93146-05E5-45A0-8177-6334276C989C} = {23AB3ADA-1630-4A0E-A810-36A6449CBBC2}
		{0ED9ECC4-6C5C-4E88-8F7E-3CC4D55314C2} = {E4857297-44B3-4190-B333-A836D05E4085}
		{78B5BC2C-D0FE-4045-952B-EFEDF65BFFD5} = {E4857297-44B3-4190-B333-A836D05E4085}
		{88FBA02D-1EA6-480B-BC60-F41EC07A56CC} = {43E741CB-B60F-482A-BC0F-48A55BD6305B}
		{830DEA17-D9B1-4EA1-9688-6B7B81C90F04} = {43E741CB-B60F-482A-BC0F-48A55BD6305B}
		{6E992BA9-7568-43CA-B668-7CE28CB0B914} = {43E741CB-B60F-482A-BC0F-48A55BD6305B}
		{0B2BDE33-7CCD-4440-8889-3EE69284C246} = {88FBA02D-1EA6-480B-BC60-F41EC07A56CC}
		{E567ECF1-92E5-456D-9B51-9ACAEB96884A} = {830DEA17-D9B1-4EA1-9688-6B7B81C90F04}
		{14BD9014-510A-40DA-8871-CE24F7B186C8} = {830DEA17-D9B1-4EA1-9688-6B7B81C90F04}
		{271B2265-F038-41C9-A2E4-E44AFA34D3DC} = {6E992BA9-7568-43CA-B668-7CE28CB0B914}
		{376E08A3-4E84-4FF9-9D80-E8B17A68AA38} = {6E992BA9-7568-43CA-B668-7CE28CB0B914}
	EndGlobalSection
	GlobalSection(ExtensibilityGlobals) = postSolution
		SolutionGuid = {A8C3E667-3511-4029-8BDD-0846C05BC2F4}
	EndGlobalSection
EndGlobal
